// !$*UTF8*$!
{
	archiveVersion = 1;
	classes = {
	};
	objectVersion = 55;
	objects = {

/* Begin PBXBuildFile section */
		529D908C289D19BA001E8514 /* AppDelegate.swift in Sources */ = {isa = PBXBuildFile; fileRef = 529D908B289D19BA001E8514 /* AppDelegate.swift */; };
		529D9090289D19BA001E8514 /* ViewController.swift in Sources */ = {isa = PBXBuildFile; fileRef = 529D908F289D19BA001E8514 /* ViewController.swift */; };
		529D9095289D19BD001E8514 /* Assets.xcassets in Resources */ = {isa = PBXBuildFile; fileRef = 529D9094289D19BD001E8514 /* Assets.xcassets */; };
		529D9098289D19BD001E8514 /* LaunchScreen.storyboard in Resources */ = {isa = PBXBuildFile; fileRef = 529D9096289D19BD001E8514 /* LaunchScreen.storyboard */; };
		7F965039B0FCC5962CF34614 /* Pods_ProgramingAutoLayoutSnapkit.framework in Frameworks */ = {isa = PBXBuildFile; fileRef = 8B2F8A55687CF65435CDFF54 /* Pods_ProgramingAutoLayoutSnapkit.framework */; };
/* End PBXBuildFile section */

/* Begin PBXFileReference section */
		2ADD3C7C8ABD8BEDAA793E3A /* Pods-ProgramingAutoLayoutSnapkit.debug.xcconfig */ = {isa = PBXFileReference; includeInIndex = 1; lastKnownFileType = text.xcconfig; name = "Pods-ProgramingAutoLayoutSnapkit.debug.xcconfig"; path = "Target Support Files/Pods-ProgramingAutoLayoutSnapkit/Pods-ProgramingAutoLayoutSnapkit.debug.xcconfig"; sourceTree = "<group>"; };
		529D9088289D19BA001E8514 /* ProgramingAutoLayoutSnapkit.app */ = {isa = PBXFileReference; explicitFileType = wrapper.application; includeInIndex = 0; path = ProgramingAutoLayoutSnapkit.app; sourceTree = BUILT_PRODUCTS_DIR; };
		529D908B289D19BA001E8514 /* AppDelegate.swift */ = {isa = PBXFileReference; lastKnownFileType = sourcecode.swift; path = AppDelegate.swift; sourceTree = "<group>"; };
		529D908F289D19BA001E8514 /* ViewController.swift */ = {isa = PBXFileReference; lastKnownFileType = sourcecode.swift; path = ViewController.swift; sourceTree = "<group>"; };
		529D9094289D19BD001E8514 /* Assets.xcassets */ = {isa = PBXFileReference; lastKnownFileType = folder.assetcatalog; path = Assets.xcassets; sourceTree = "<group>"; };
		529D9097289D19BD001E8514 /* Base */ = {isa = PBXFileReference; lastKnownFileType = file.storyboard; name = Base; path = Base.lproj/LaunchScreen.storyboard; sourceTree = "<group>"; };
		529D9099289D19BD001E8514 /* Info.plist */ = {isa = PBXFileReference; lastKnownFileType = text.plist.xml; path = Info.plist; sourceTree = "<group>"; };
		8B2F8A55687CF65435CDFF54 /* Pods_ProgramingAutoLayoutSnapkit.framework */ = {isa = PBXFileReference; explicitFileType = wrapper.framework; includeInIndex = 0; path = Pods_ProgramingAutoLayoutSnapkit.framework; sourceTree = BUILT_PRODUCTS_DIR; };
		A3BFCA022C797183F525992E /* Pods-ProgramingAutoLayoutSnapkit.release.xcconfig */ = {isa = PBXFileReference; includeInIndex = 1; lastKnownFileType = text.xcconfig; name = "Pods-ProgramingAutoLayoutSnapkit.release.xcconfig"; path = "Target Support Files/Pods-ProgramingAutoLayoutSnapkit/Pods-ProgramingAutoLayoutSnapkit.release.xcconfig"; sourceTree = "<group>"; };
/* End PBXFileReference section */

/* Begin PBXFrameworksBuildPhase section */
		529D9085289D19BA001E8514 /* Frameworks */ = {
			isa = PBXFrameworksBuildPhase;
			buildActionMask = 2147483647;
			files = (
				7F965039B0FCC5962CF34614 /* Pods_ProgramingAutoLayoutSnapkit.framework in Frameworks */,
			);
			runOnlyForDeploymentPostprocessing = 0;
		};
/* End PBXFrameworksBuildPhase section */

/* Begin PBXGroup section */
		13B5500E8DD7FEBB72399DA7 /* Pods */ = {
			isa = PBXGroup;
			children = (
				2ADD3C7C8ABD8BEDAA793E3A /* Pods-ProgramingAutoLayoutSnapkit.debug.xcconfig */,
				A3BFCA022C797183F525992E /* Pods-ProgramingAutoLayoutSnapkit.release.xcconfig */,
			);
			path = Pods;
			sourceTree = "<group>";
		};
		37594A7DE18BD77EE0D68172 /* Frameworks */ = {
			isa = PBXGroup;
			children = (
				8B2F8A55687CF65435CDFF54 /* Pods_ProgramingAutoLayoutSnapkit.framework */,
			);
			name = Frameworks;
			sourceTree = "<group>";
		};
		529D907F289D19BA001E8514 = {
			isa = PBXGroup;
			children = (
				529D908A289D19BA001E8514 /* ProgramingAutoLayoutSnapkit */,
				529D9089289D19BA001E8514 /* Products */,
				13B5500E8DD7FEBB72399DA7 /* Pods */,
				37594A7DE18BD77EE0D68172 /* Frameworks */,
			);
			sourceTree = "<group>";
		};
		529D9089289D19BA001E8514 /* Products */ = {
			isa = PBXGroup;
			children = (
				529D9088289D19BA001E8514 /* ProgramingAutoLayoutSnapkit.app */,
			);
			name = Products;
			sourceTree = "<group>";
		};
		529D908A289D19BA001E8514 /* ProgramingAutoLayoutSnapkit */ = {
			isa = PBXGroup;
			children = (
				529D908B289D19BA001E8514 /* AppDelegate.swift */,
				529D908F289D19BA001E8514 /* ViewController.swift */,
				529D9094289D19BD001E8514 /* Assets.xcassets */,
				529D9096289D19BD001E8514 /* LaunchScreen.storyboard */,
				529D9099289D19BD001E8514 /* Info.plist */,
			);
			path = ProgramingAutoLayoutSnapkit;
			sourceTree = "<group>";
		};
/* End PBXGroup section */

/* Begin PBXNativeTarget section */
		529D9087289D19BA001E8514 /* ProgramingAutoLayoutSnapkit */ = {
			isa = PBXNativeTarget;
			buildConfigurationList = 529D909C289D19BD001E8514 /* Build configuration list for PBXNativeTarget "ProgramingAutoLayoutSnapkit" */;
			buildPhases = (
				1F43C339BFCF75A4A7404D6D /* [CP] Check Pods Manifest.lock */,
				529D9084289D19BA001E8514 /* Sources */,
				529D9085289D19BA001E8514 /* Frameworks */,
				529D9086289D19BA001E8514 /* Resources */,
				BE1BD814F83F2FE3DC7BDC2B /* [CP] Embed Pods Frameworks */,
			);
			buildRules = (
			);
			dependencies = (
			);
			name = ProgramingAutoLayoutSnapkit;
			productName = ProgramingAutoLayoutSnapkit;
			productReference = 529D9088289D19BA001E8514 /* ProgramingAutoLayoutSnapkit.app */;
			productType = "com.apple.product-type.application";
		};
/* End PBXNativeTarget section */

/* Begin PBXProject section */
		529D9080289D19BA001E8514 /* Project object */ = {
			isa = PBXProject;
			attributes = {
				BuildIndependentTargetsInParallel = 1;
				LastSwiftUpdateCheck = 1320;
				LastUpgradeCheck = 1320;
				TargetAttributes = {
					529D9087289D19BA001E8514 = {
						CreatedOnToolsVersion = 13.2.1;
					};
				};
			};
			buildConfigurationList = 529D9083289D19BA001E8514 /* Build configuration list for PBXProject "ProgramingAutoLayoutSnapkit" */;
			compatibilityVersion = "Xcode 13.0";
			developmentRegion = en;
			hasScannedForEncodings = 0;
			knownRegions = (
				en,
				Base,
			);
			mainGroup = 529D907F289D19BA001E8514;
			productRefGroup = 529D9089289D19BA001E8514 /* Products */;
			projectDirPath = "";
			projectRoot = "";
			targets = (
				529D9087289D19BA001E8514 /* ProgramingAutoLayoutSnapkit */,
			);
		};
/* End PBXProject section */

/* Begin PBXResourcesBuildPhase section */
		529D9086289D19BA001E8514 /* Resources */ = {
			isa = PBXResourcesBuildPhase;
			buildActionMask = 2147483647;
			files = (
				529D9098289D19BD001E8514 /* LaunchScreen.storyboard in Resources */,
				529D9095289D19BD001E8514 /* Assets.xcassets in Resources */,
			);
			runOnlyForDeploymentPostprocessing = 0;
		};
/* End PBXResourcesBuildPhase section */

/* Begin PBXShellScriptBuildPhase section */
		1F43C339BFCF75A4A7404D6D /* [CP] Check Pods Manifest.lock */ = {
			isa = PBXShellScriptBuildPhase;
			buildActionMask = 2147483647;
			files = (
			);
			inputFileListPaths = (
			);
			inputPaths = (
				"${PODS_PODFILE_DIR_PATH}/Podfile.lock",
				"${PODS_ROOT}/Manifest.lock",
			);
			name = "[CP] Check Pods Manifest.lock";
			outputFileListPaths = (
			);
			outputPaths = (
				"$(DERIVED_FILE_DIR)/Pods-ProgramingAutoLayoutSnapkit-checkManifestLockResult.txt",
			);
			runOnlyForDeploymentPostprocessing = 0;
			shellPath = /bin/sh;
			shellScript = "diff \"${PODS_PODFILE_DIR_PATH}/Podfile.lock\" \"${PODS_ROOT}/Manifest.lock\" > /dev/null\nif [ $? != 0 ] ; then\n    # print error to STDERR\n    echo \"error: The sandbox is not in sync with the Podfile.lock. Run 'pod install' or update your CocoaPods installation.\" >&2\n    exit 1\nfi\n# This output is used by Xcode 'outputs' to avoid re-running this script phase.\necho \"SUCCESS\" > \"${SCRIPT_OUTPUT_FILE_0}\"\n";
			showEnvVarsInLog = 0;
		};
		BE1BD814F83F2FE3DC7BDC2B /* [CP] Embed Pods Frameworks */ = {
			isa = PBXShellScriptBuildPhase;
			buildActionMask = 2147483647;
			files = (
			);
			inputFileListPaths = (
				"${PODS_ROOT}/Target Support Files/Pods-ProgramingAutoLayoutSnapkit/Pods-ProgramingAutoLayoutSnapkit-frameworks-${CONFIGURATION}-input-files.xcfilelist",
			);
			name = "[CP] Embed Pods Frameworks";
			outputFileListPaths = (
				"${PODS_ROOT}/Target Support Files/Pods-ProgramingAutoLayoutSnapkit/Pods-ProgramingAutoLayoutSnapkit-frameworks-${CONFIGURATION}-output-files.xcfilelist",
			);
			runOnlyForDeploymentPostprocessing = 0;
			shellPath = /bin/sh;
			shellScript = "\"${PODS_ROOT}/Target Support Files/Pods-ProgramingAutoLayoutSnapkit/Pods-ProgramingAutoLayoutSnapkit-frameworks.sh\"\n";
			showEnvVarsInLog = 0;
		};
/* End PBXShellScriptBuildPhase section */

/* Begin PBXSourcesBuildPhase section */
		529D9084289D19BA001E8514 /* Sources */ = {
			isa = PBXSourcesBuildPhase;
			buildActionMask = 2147483647;
			files = (
				529D9090289D19BA001E8514 /* ViewController.swift in Sources */,
				529D908C289D19BA001E8514 /* AppDelegate.swift in Sources */,
			);
			runOnlyForDeploymentPostprocessing = 0;
		};
/* End PBXSourcesBuildPhase section */

/* Begin PBXVariantGroup section */
		529D9096289D19BD001E8514 /* LaunchScreen.storyboard */ = {
			isa = PBXVariantGroup;
			children = (
				529D9097289D19BD001E8514 /* Base */,
			);
			name = LaunchScreen.storyboard;
			sourceTree = "<group>";
		};
/* End PBXVariantGroup section */

/* Begin XCBuildConfiguration section */
		529D909A289D19BD001E8514 /* Debug */ = {
			isa = XCBuildConfiguration;
			buildSettings = {
				ALWAYS_SEARCH_USER_PATHS = NO;
				CLANG_ANALYZER_NONNULL = YES;
				CLANG_ANALYZER_NUMBER_OBJECT_CONVERSION = YES_AGGRESSIVE;
				CLANG_CXX_LANGUAGE_STANDARD = "gnu++17";
				CLANG_CXX_LIBRARY = "libc++";
				CLANG_ENABLE_MODULES = YES;
				CLANG_ENABLE_OBJC_ARC = YES;
				CLANG_ENABLE_OBJC_WEAK = YES;
				CLANG_WARN_BLOCK_CAPTURE_AUTORELEASING = YES;
				CLANG_WARN_BOOL_CONVERSION = YES;
				CLANG_WARN_COMMA = YES;
				CLANG_WARN_CONSTANT_CONVERSION = YES;
				CLANG_WARN_DEPRECATED_OBJC_IMPLEMENTATIONS = YES;
				CLANG_WARN_DIRECT_OBJC_ISA_USAGE = YES_ERROR;
				CLANG_WARN_DOCUMENTATION_COMMENTS = YES;
				CLANG_WARN_EMPTY_BODY = YES;
				CLANG_WARN_ENUM_CONVERSION = YES;
				CLANG_WARN_INFINITE_RECURSION = YES;
				CLANG_WARN_INT_CONVERSION = YES;
				CLANG_WARN_NON_LITERAL_NULL_CONVERSION = YES;
				CLANG_WARN_OBJC_IMPLICIT_RETAIN_SELF = YES;
				CLANG_WARN_OBJC_LITERAL_CONVERSION = YES;
				CLANG_WARN_OBJC_ROOT_CLASS = YES_ERROR;
				CLANG_WARN_QUOTED_INCLUDE_IN_FRAMEWORK_HEADER = YES;
				CLANG_WARN_RANGE_LOOP_ANALYSIS = YES;
				CLANG_WARN_STRICT_PROTOTYPES = YES;
				CLANG_WARN_SUSPICIOUS_MOVE = YES;
				CLANG_WARN_UNGUARDED_AVAILABILITY = YES_AGGRESSIVE;
				CLANG_WARN_UNREACHABLE_CODE = YES;
				CLANG_WARN__DUPLICATE_METHOD_MATCH = YES;
				COPY_PHASE_STRIP = NO;
				DEBUG_INFORMATION_FORMAT = dwarf;
				ENABLE_STRICT_OBJC_MSGSEND = YES;
				ENABLE_TESTABILITY = YES;
				GCC_C_LANGUAGE_STANDARD = gnu11;
				GCC_DYNAMIC_NO_PIC = NO;
				GCC_NO_COMMON_BLOCKS = YES;
				GCC_OPTIMIZATION_LEVEL = 0;
				GCC_PREPROCESSOR_DEFINITIONS = (
					"DEBUG=1",
					"$(inherited)",
				);
				GCC_WARN_64_TO_32_BIT_CONVERSION = YES;
				GCC_WARN_ABOUT_RETURN_TYPE = YES_ERROR;
				GCC_WARN_UNDECLARED_SELECTOR = YES;
				GCC_WARN_UNINITIALIZED_AUTOS = YES_AGGRESSIVE;
				GCC_WARN_UNUSED_FUNCTION = YES;
				GCC_WARN_UNUSED_VARIABLE = YES;
				IPHONEOS_DEPLOYMENT_TARGET = 15.2;
				MTL_ENABLE_DEBUG_INFO = INCLUDE_SOURCE;
				MTL_FAST_MATH = YES;
				ONLY_ACTIVE_ARCH = YES;
				SDKROOT = iphoneos;
				SWIFT_ACTIVE_COMPILATION_CONDITIONS = DEBUG;
				SWIFT_OPTIMIZATION_LEVEL = "-Onone";
			};
			name = Debug;
		};
		529D909B289D19BD001E8514 /* Release */ = {
			isa = XCBuildConfiguration;
			buildSettings = {
				ALWAYS_SEARCH_USER_PATHS = NO;
				CLANG_ANALYZER_NONNULL = YES;
				CLANG_ANALYZER_NUMBER_OBJECT_CONVERSION = YES_AGGRESSIVE;
				CLANG_CXX_LANGUAGE_STANDARD = "gnu++17";
				CLANG_CXX_LIBRARY = "libc++";
				CLANG_ENABLE_MODULES = YES;
				CLANG_ENABLE_OBJC_ARC = YES;
				CLANG_ENABLE_OBJC_WEAK = YES;
				CLANG_WARN_BLOCK_CAPTURE_AUTORELEASING = YES;
				CLANG_WARN_BOOL_CONVERSION = YES;
				CLANG_WARN_COMMA = YES;
				CLANG_WARN_CONSTANT_CONVERSION = YES;
				CLANG_WARN_DEPRECATED_OBJC_IMPLEMENTATIONS = YES;
				CLANG_WARN_DIRECT_OBJC_ISA_USAGE = YES_ERROR;
				CLANG_WARN_DOCUMENTATION_COMMENTS = YES;
				CLANG_WARN_EMPTY_BODY = YES;
				CLANG_WARN_ENUM_CONVERSION = YES;
				CLANG_WARN_INFINITE_RECURSION = YES;
				CLANG_WARN_INT_CONVERSION = YES;
				CLANG_WARN_NON_LITERAL_NULL_CONVERSION = YES;
				CLANG_WARN_OBJC_IMPLICIT_RETAIN_SELF = YES;
				CLANG_WARN_OBJC_LITERAL_CONVERSION = YES;
				CLANG_WARN_OBJC_ROOT_CLASS = YES_ERROR;
				CLANG_WARN_QUOTED_INCLUDE_IN_FRAMEWORK_HEADER = YES;
				CLANG_WARN_RANGE_LOOP_ANALYSIS = YES;
				CLANG_WARN_STRICT_PROTOTYPES = YES;
				CLANG_WARN_SUSPICIOUS_MOVE = YES;
				CLANG_WARN_UNGUARDED_AVAILABILITY = YES_AGGRESSIVE;
				CLANG_WARN_UNREACHABLE_CODE = YES;
				CLANG_WARN__DUPLICATE_METHOD_MATCH = YES;
				COPY_PHASE_STRIP = NO;
				DEBUG_INFORMATION_FORMAT = "dwarf-with-dsym";
				ENABLE_NS_ASSERTIONS = NO;
				ENABLE_STRICT_OBJC_MSGSEND = YES;
				GCC_C_LANGUAGE_STANDARD = gnu11;
				GCC_NO_COMMON_BLOCKS = YES;
				GCC_WARN_64_TO_32_BIT_CONVERSION = YES;
				GCC_WARN_ABOUT_RETURN_TYPE = YES_ERROR;
				GCC_WARN_UNDECLARED_SELECTOR = YES;
				GCC_WARN_UNINITIALIZED_AUTOS = YES_AGGRESSIVE;
				GCC_WARN_UNUSED_FUNCTION = YES;
				GCC_WARN_UNUSED_VARIABLE = YES;
				IPHONEOS_DEPLOYMENT_TARGET = 15.2;
				MTL_ENABLE_DEBUG_INFO = NO;
				MTL_FAST_MATH = YES;
				SDKROOT = iphoneos;
				SWIFT_COMPILATION_MODE = wholemodule;
				SWIFT_OPTIMIZATION_LEVEL = "-O";
				VALIDATE_PRODUCT = YES;
			};
			name = Release;
		};
		529D909D289D19BD001E8514 /* Debug */ = {
			isa = XCBuildConfiguration;
			baseConfigurationReference = 2ADD3C7C8ABD8BEDAA793E3A /* Pods-ProgramingAutoLayoutSnapkit.debug.xcconfig */;
			buildSettings = {
				ASSETCATALOG_COMPILER_APPICON_NAME = AppIcon;
				ASSETCATALOG_COMPILER_GLOBAL_ACCENT_COLOR_NAME = AccentColor;
				CODE_SIGN_STYLE = Automatic;
				CURRENT_PROJECT_VERSION = 1;
				DEVELOPMENT_TEAM = Y4X33X3X48;
				GENERATE_INFOPLIST_FILE = YES;
				INFOPLIST_FILE = ProgramingAutoLayoutSnapkit/Info.plist;
				INFOPLIST_KEY_UIApplicationSupportsIndirectInputEvents = YES;
				INFOPLIST_KEY_UILaunchStoryboardName = LaunchScreen;
				INFOPLIST_KEY_UISupportedInterfaceOrientations_iPad = "UIInterfaceOrientationPortrait UIInterfaceOrientationPortraitUpsideDown UIInterfaceOrientationLandscapeLeft UIInterfaceOrientationLandscapeRight";
				INFOPLIST_KEY_UISupportedInterfaceOrientations_iPhone = "UIInterfaceOrientationPortrait UIInterfaceOrientationLandscapeLeft UIInterfaceOrientationLandscapeRight";
				LD_RUNPATH_SEARCH_PATHS = (
					"$(inherited)",
					"@executable_path/Frameworks",
				);
				MARKETING_VERSION = 1.0;
				PRODUCT_BUNDLE_IDENTIFIER = com.xhiew.ProgramingAutoLayoutSnapkit;
				PRODUCT_NAME = "$(TARGET_NAME)";
				SWIFT_EMIT_LOC_STRINGS = YES;
				SWIFT_VERSION = 5.0;
				TARGETED_DEVICE_FAMILY = "1,2";
			};
			name = Debug;
		};
		529D909E289D19BD001E8514 /* Release */ = {
			isa = XCBuildConfiguration;
			baseConfigurationReference = A3BFCA022C797183F525992E /* Pods-ProgramingAutoLayoutSnapkit.release.xcconfig */;
			buildSettings = {
				ASSETCATALOG_COMPILER_APPICON_NAME = AppIcon;
				ASSETCATALOG_COMPILER_GLOBAL_ACCENT_COLOR_NAME = AccentColor;
				CODE_SIGN_STYLE = Automatic;
				CURRENT_PROJECT_VERSION = 1;
				DEVELOPMENT_TEAM = Y4X33X3X48;
				GENERATE_INFOPLIST_FILE = YES;
				INFOPLIST_FILE = ProgramingAutoLayoutSnapkit/Info.plist;
				INFOPLIST_KEY_UIApplicationSupportsIndirectInputEvents = YES;
				INFOPLIST_KEY_UILaunchStoryboardName = LaunchScreen;
				INFOPLIST_KEY_UISupportedInterfaceOrientations_iPad = "UIInterfaceOrientationPortrait UIInterfaceOrientationPortraitUpsideDown UIInterfaceOrientationLandscapeLeft UIInterfaceOrientationLandscapeRight";
				INFOPLIST_KEY_UISupportedInterfaceOrientations_iPhone = "UIInterfaceOrientationPortrait UIInterfaceOrientationLandscapeLeft UIInterfaceOrientationLandscapeRight";
				LD_RUNPATH_SEARCH_PATHS = (
					"$(inherited)",
					"@executable_path/Frameworks",
				);
				MARKETING_VERSION = 1.0;
				PRODUCT_BUNDLE_IDENTIFIER = com.xhiew.ProgramingAutoLayoutSnapkit;
				PRODUCT_NAME = "$(TARGET_NAME)";
				SWIFT_EMIT_LOC_STRINGS = YES;
				SWIFT_VERSION = 5.0;
				TARGETED_DEVICE_FAMILY = "1,2";
			};
			name = Release;
		};
/* End XCBuildConfiguration section */

/* Begin XCConfigurationList section */
		529D9083289D19BA001E8514 /* Build configuration list for PBXProject "ProgramingAutoLayoutSnapkit" */ = {
			isa = XCConfigurationList;
			buildConfigurations = (
				529D909A289D19BD001E8514 /* Debug */,
				529D909B289D19BD001E8514 /* Release */,
			);
			defaultConfigurationIsVisible = 0;
			defaultConfigurationName = Release;
		};
		529D909C289D19BD001E8514 /* Build configuration list for PBXNativeTarget "ProgramingAutoLayoutSnapkit" */ = {
			isa = XCConfigurationList;
			buildConfigurations = (
				529D909D289D19BD001E8514 /* Debug */,
				529D909E289D19BD001E8514 /* Release */,
			);
			defaultConfigurationIsVisible = 0;
			defaultConfigurationName = Release;
		};
/* End XCConfigurationList section */
	};
	rootObject = 529D9080289D19BA001E8514 /* Project object */;
}
